
Microsoft Visual Studio Solution File, Format Version 12.00
# Visual Studio 14
VisualStudioVersion = 14.0.25420.1
MinimumVisualStudioVersion = 10.0.40219.1
Project("{FAE04EC0-301F-11D3-BF4B-00C04F79EFBC}") = "Producer", "Producer\Producer.csproj", "{4BBF3EAB-8C60-484F-B5FD-F5CD148F4479}"
EndProject
Project("{FAE04EC0-301F-11D3-BF4B-00C04F79EFBC}") = "RabbitMQFactory", "RabbitMQFactory\RabbitMQFactory.csproj", "{E2C834D5-2CEA-49C0-A906-657D9181459E}"
EndProject
Project("{FAE04EC0-301F-11D3-BF4B-00C04F79EFBC}") = "RestAPI_Consumer_Producer", "RestAPI_Consumer\RestAPI_Consumer_Producer.csproj", "{D3891052-550E-4CC7-9794-EE9DDD86DAE2}"
EndProject
Project("{FAE04EC0-301F-11D3-BF4B-00C04F79EFBC}") = "BackGroundJobProcessor", "BackGroundJobProcessor\BackGroundJobProcessor.csproj", "{7D21C99A-65A0-4BFB-9C54-3D5B707EE254}"
EndProject
Global
	GlobalSection(SolutionConfigurationPlatforms) = preSolution
		Debug|Any CPU = Debug|Any CPU
		Release|Any CPU = Release|Any CPU
	EndGlobalSection
	GlobalSection(ProjectConfigurationPlatforms) = postSolution
		{4BBF3EAB-8C60-484F-B5FD-F5CD148F4479}.Debug|Any CPU.ActiveCfg = Debug|Any CPU
		{4BBF3EAB-8C60-484F-B5FD-F5CD148F4479}.Debug|Any CPU.Build.0 = Debug|Any CPU
		{4BBF3EAB-8C60-484F-B5FD-F5CD148F4479}.Release|Any CPU.ActiveCfg = Release|Any CPU
		{4BBF3EAB-8C60-484F-B5FD-F5CD148F4479}.Release|Any CPU.Build.0 = Release|Any CPU
		{E2C834D5-2CEA-49C0-A906-657D9181459E}.Debug|Any CPU.ActiveCfg = Debug|Any CPU
		{E2C834D5-2CEA-49C0-A906-657D9181459E}.Debug|Any CPU.Build.0 = Debug|Any CPU
		{E2C834D5-2CEA-49C0-A906-657D9181459E}.Release|Any CPU.ActiveCfg = Release|Any CPU
		{E2C834D5-2CEA-49C0-A906-657D9181459E}.Release|Any CPU.Build.0 = Release|Any CPU
		{D3891052-550E-4CC7-9794-EE9DDD86DAE2}.Debug|Any CPU.ActiveCfg = Debug|Any CPU
		{D3891052-550E-4CC7-9794-EE9DDD86DAE2}.Debug|Any CPU.Build.0 = Debug|Any CPU
		{D3891052-550E-4CC7-9794-EE9DDD86DAE2}.Release|Any CPU.ActiveCfg = Release|Any CPU
		{D3891052-550E-4CC7-9794-EE9DDD86DAE2}.Release|Any CPU.Build.0 = Release|Any CPU
		{7D21C99A-65A0-4BFB-9C54-3D5B707EE254}.Debug|Any CPU.ActiveCfg = Debug|Any CPU
		{7D21C99A-65A0-4BFB-9C54-3D5B707EE254}.Debug|Any CPU.Build.0 = Debug|Any CPU
		{7D21C99A-65A0-4BFB-9C54-3D5B707EE254}.Release|Any CPU.ActiveCfg = Release|Any CPU
		{7D21C99A-65A0-4BFB-9C54-3D5B707EE254}.Release|Any CPU.Build.0 = Release|Any CPU
	EndGlobalSection
	GlobalSection(SolutionProperties) = preSolution
		HideSolutionNode = FALSE
	EndGlobalSection
EndGlobal
